
Microsoft Visual Studio Solution File, Format Version 12.00
# Visual Studio Version 16
VisualStudioVersion = 16.0.32228.343
MinimumVisualStudioVersion = 10.0.40219.1
Project("{FAE04EC0-301F-11D3-BF4B-00C04F79EFBC}") = "AplicativoGiht", "AplicativoGiht\AplicativoGiht.csproj", "{B6799469-853B-427F-9A79-B3E08098112C}"
EndProject
Global
	GlobalSection(SolutionConfigurationPlatforms) = preSolution
		Debug|Any CPU = Debug|Any CPU
		Release|Any CPU = Release|Any CPU
	EndGlobalSection
	GlobalSection(ProjectConfigurationPlatforms) = postSolution
		{B6799469-853B-427F-9A79-B3E08098112C}.Debug|Any CPU.ActiveCfg = Debug|Any CPU
		{B6799469-853B-427F-9A79-B3E08098112C}.Debug|Any CPU.Build.0 = Debug|Any CPU
		{B6799469-853B-427F-9A79-B3E08098112C}.Release|Any CPU.ActiveCfg = Release|Any CPU
		{B6799469-853B-427F-9A79-B3E08098112C}.Release|Any CPU.Build.0 = Release|Any CPU
	EndGlobalSection
	GlobalSection(SolutionProperties) = preSolution
		HideSolutionNode = FALSE
	EndGlobalSection
	GlobalSection(ExtensibilityGlobals) = postSolution
		SolutionGuid = {7635F071-7766-4B1C-B3E2-21CC1EBEC9A3}
	EndGlobalSection
EndGlobal
